
Microsoft Visual Studio Solution File, Format Version 12.00
# Visual Studio Version 17
VisualStudioVersion = 17.11.35327.3
MinimumVisualStudioVersion = 10.0.40219.1
Project("{FAE04EC0-301F-11D3-BF4B-00C04F79EFBC}") = "CasaAura", "CasaAura.csproj", "{28B422D6-667C-4377-A61C-DA570724B9F5}"
EndProject
Global
	GlobalSection(SolutionConfigurationPlatforms) = preSolution
		Debug|Any CPU = Debug|Any CPU
		Release|Any CPU = Release|Any CPU
	EndGlobalSection
	GlobalSection(ProjectConfigurationPlatforms) = postSolution
		{28B422D6-667C-4377-A61C-DA570724B9F5}.Debug|Any CPU.ActiveCfg = Debug|Any CPU
		{28B422D6-667C-4377-A61C-DA570724B9F5}.Debug|Any CPU.Build.0 = Debug|Any CPU
		{28B422D6-667C-4377-A61C-DA570724B9F5}.Release|Any CPU.ActiveCfg = Release|Any CPU
		{28B422D6-667C-4377-A61C-DA570724B9F5}.Release|Any CPU.Build.0 = Release|Any CPU
	EndGlobalSection
	GlobalSection(SolutionProperties) = preSolution
		HideSolutionNode = FALSE
	EndGlobalSection
	GlobalSection(ExtensibilityGlobals) = postSolution
		SolutionGuid = {64A58C95-CD1D-4D3F-8E47-0E4EBC58C270}
	EndGlobalSection
EndGlobal
